# THIS IS AN AUTOGENERATED FILE. DO NOT EDIT THIS FILE DIRECTLY.
# yarn lockfile v1


"@types/node@16":
  version "16.18.10"
  resolved "https://registry.npmmirror.com/@types/node/-/node-16.18.10.tgz#d7415ef18c94f8d4e4a82ebcc8b8999f965d8920"
  integrity sha512-XU1+v7h81p7145ddPfjv7jtWvkSilpcnON3mQ+bDi9Yuf7OI56efOglXRyXWgQ57xH3fEQgh7WOJMncRHVew5w==

cookie-es@^0.5.0:
  version "0.5.0"
  resolved "https://registry.npmmirror.com/cookie-es/-/cookie-es-0.5.0.tgz#a6ad89923e68c542fc9e760b07aefa5ab020d719"
  integrity sha512-RyZrFi6PNpBFbIaQjXDlFIhFVqV42QeKSZX1yQIl6ihImq6vcHNGMtqQ/QzY3RMPuYSkvsRwtnt5M9NeYxKt0g==

destr@^1.2.2:
  version "1.2.2"
  resolved "https://registry.npmmirror.com/destr/-/destr-1.2.2.tgz#7ba9befcafb645a50e76b260449c63927b51e22f"
  integrity sha512-lrbCJwD9saUQrqUfXvl6qoM+QN3W7tLV5pAOs+OqOmopCCz/JkE05MHedJR1xfk4IAnZuJXPVuN5+7jNA2ZCiA==

h3@^1.0.2:
  version "1.0.2"
  resolved "https://registry.npmmirror.com/h3/-/h3-1.0.2.tgz#3a2992921a62de697bd4a3f449401f7600116df6"
  integrity sha512-25QqjQMz8pX1NI2rZ/ziNT9B8Aog7jmu2a0o8Qm9kKoH3zOhE+2icVs069h6DEp0g1Dst1+zKfRdRYcK0MogJA==
  dependencies:
    cookie-es "^0.5.0"
    destr "^1.2.2"
    radix3 "^1.0.0"
    ufo "^1.0.1"

node-fetch@^2.0.0:
  version "2.6.7"
  resolved "https://registry.npmmirror.com/node-fetch/-/node-fetch-2.6.7.tgz#24de9fba827e3b4ae44dc8b20256a379160052ad"
  integrity sha512-ZjMPFEfVx5j+y2yF35Kzx5sF7kDzxuDj6ziH4FFbOp87zKDZNx8yExJIb05OGF4Nlt9IHFIMBkRl41VdvcNdbQ==
  dependencies:
    whatwg-url "^5.0.0"

radix3@^1.0.0:
  version "1.0.0"
  resolved "https://registry.npmmirror.com/radix3/-/radix3-1.0.0.tgz#d1c760b850206a6bd5dfd26820c25903cb20eccc"
  integrity sha512-6n3AEXth91ASapMVKiEh2wrbFJmI+NBilrWE0AbiGgfm0xet0QXC8+a3K19r1UVYjUjctUgB053c3V/J6V0kCQ==

tr46@~0.0.3:
  version "0.0.3"
  resolved "https://registry.npmmirror.com/tr46/-/tr46-0.0.3.tgz#8184fd347dac9cdc185992f3a6622e14b9d9ab6a"
  integrity sha512-N3WMsuqV66lT30CrXNbEjx4GEwlow3v6rr4mCcv6prnfwhS01rkgyFdjPNBYd9br7LpXV1+Emh01fHnq2Gdgrw==

typescript@^4.9.3:
  version "4.9.4"
  resolved "https://registry.npmmirror.com/typescript/-/typescript-4.9.4.tgz#a2a3d2756c079abda241d75f149df9d561091e78"
  integrity sha512-Uz+dTXYzxXXbsFpM86Wh3dKCxrQqUcVMxwU54orwlJjOpO3ao8L7j5lH+dWfTwgCwIuM9GQ2kvVotzYJMXTBZg==

ufo@^1.0.1:
  version "1.0.1"
  resolved "https://registry.npmmirror.com/ufo/-/ufo-1.0.1.tgz#64ed43b530706bda2e4892f911f568cf4cf67d29"
  integrity sha512-boAm74ubXHY7KJQZLlXrtMz52qFvpsbOxDcZOnw/Wf+LS4Mmyu7JxmzD4tDLtUQtmZECypJ0FrCz4QIe6dvKRA==

webidl-conversions@^3.0.0:
  version "3.0.1"
  resolved "https://registry.npmmirror.com/webidl-conversions/-/webidl-conversions-3.0.1.tgz#24534275e2a7bc6be7bc86611cc16ae0a5654871"
  integrity sha512-2JAn3z8AR6rjK8Sm8orRC0h/bcl/DqL7tRPdGZ4I1CjdF+EaMLmYxBHyXuKL849eucPFhvBoxMsflfOb8kxaeQ==

whatwg-url@^5.0.0:
  version "5.0.0"
  resolved "https://registry.npmmirror.com/whatwg-url/-/whatwg-url-5.0.0.tgz#966454e8765462e37644d3626f6742ce8b70965d"
  integrity sha512-saE57nupxk6v3HY35+jzBwYa0rKSy0XR8JSxZPwgLr7ys0IBzhGviA1/TUGJLmSVqs8pb9AnvICXEuOHLprYTw==
  dependencies:
    tr46 "~0.0.3"
    webidl-conversions "^3.0.0"
